
Microsoft Visual Studio Solution File, Format Version 12.00
# Visual Studio 15
VisualStudioVersion = 15.0.28307.645
MinimumVisualStudioVersion = 10.0.40219.1
Project("{FAE04EC0-301F-11D3-BF4B-00C04F79EFBC}") = "System_Ventas", "System_Ventas\System_Ventas.csproj", "{948E6F4F-FC8B-4478-A100-A997F0E15C8C}"
EndProject
Global
	GlobalSection(SolutionConfigurationPlatforms) = preSolution
		Debug|Any CPU = Debug|Any CPU
		Release|Any CPU = Release|Any CPU
	EndGlobalSection
	GlobalSection(ProjectConfigurationPlatforms) = postSolution
		{948E6F4F-FC8B-4478-A100-A997F0E15C8C}.Debug|Any CPU.ActiveCfg = Debug|Any CPU
		{948E6F4F-FC8B-4478-A100-A997F0E15C8C}.Debug|Any CPU.Build.0 = Debug|Any CPU
		{948E6F4F-FC8B-4478-A100-A997F0E15C8C}.Release|Any CPU.ActiveCfg = Release|Any CPU
		{948E6F4F-FC8B-4478-A100-A997F0E15C8C}.Release|Any CPU.Build.0 = Release|Any CPU
	EndGlobalSection
	GlobalSection(SolutionProperties) = preSolution
		HideSolutionNode = FALSE
	EndGlobalSection
	GlobalSection(ExtensibilityGlobals) = postSolution
		SolutionGuid = {D48DBA5B-9C44-48F6-A7CE-C7195CB884A1}
	EndGlobalSection
EndGlobal
