
Microsoft Visual Studio Solution File, Format Version 12.00
# Visual Studio 15
VisualStudioVersion = 15.0.28307.645
MinimumVisualStudioVersion = 10.0.40219.1
Project("{FAE04EC0-301F-11D3-BF4B-00C04F79EFBC}") = "CursoMVC", "CursoMVC\CursoMVC.csproj", "{50D4CA3A-BC20-4A74-BA44-2B70D280142B}"
EndProject
Global
	GlobalSection(SolutionConfigurationPlatforms) = preSolution
		Debug|Any CPU = Debug|Any CPU
		Release|Any CPU = Release|Any CPU
	EndGlobalSection
	GlobalSection(ProjectConfigurationPlatforms) = postSolution
		{50D4CA3A-BC20-4A74-BA44-2B70D280142B}.Debug|Any CPU.ActiveCfg = Debug|Any CPU
		{50D4CA3A-BC20-4A74-BA44-2B70D280142B}.Debug|Any CPU.Build.0 = Debug|Any CPU
		{50D4CA3A-BC20-4A74-BA44-2B70D280142B}.Release|Any CPU.ActiveCfg = Release|Any CPU
		{50D4CA3A-BC20-4A74-BA44-2B70D280142B}.Release|Any CPU.Build.0 = Release|Any CPU
	EndGlobalSection
	GlobalSection(SolutionProperties) = preSolution
		HideSolutionNode = FALSE
	EndGlobalSection
	GlobalSection(ExtensibilityGlobals) = postSolution
		SolutionGuid = {363A8DF0-4716-4BAF-948D-39BB22B20E9E}
	EndGlobalSection
EndGlobal
